
Microsoft Visual Studio Solution File, Format Version 12.00
# Visual Studio Version 17
VisualStudioVersion = 17.5.33516.290
MinimumVisualStudioVersion = 10.0.40219.1
Project("{9A19103F-16F7-4668-BE54-9A1E7A4F7556}") = "SQLSnapshotDesktop", "SQLSnapshotDesktop.csproj", "{55B96CF1-0004-479C-BAEE-ED52AB563F4F}"
EndProject
Global
	GlobalSection(SolutionConfigurationPlatforms) = preSolution
		Debug|Any CPU = Debug|Any CPU
		Release|Any CPU = Release|Any CPU
	EndGlobalSection
	GlobalSection(ProjectConfigurationPlatforms) = postSolution
		{55B96CF1-0004-479C-BAEE-ED52AB563F4F}.Debug|Any CPU.ActiveCfg = Debug|Any CPU
		{55B96CF1-0004-479C-BAEE-ED52AB563F4F}.Debug|Any CPU.Build.0 = Debug|Any CPU
		{55B96CF1-0004-479C-BAEE-ED52AB563F4F}.Release|Any CPU.ActiveCfg = Release|Any CPU
		{55B96CF1-0004-479C-BAEE-ED52AB563F4F}.Release|Any CPU.Build.0 = Release|Any CPU
	EndGlobalSection
	GlobalSection(SolutionProperties) = preSolution
		HideSolutionNode = FALSE
	EndGlobalSection
	GlobalSection(ExtensibilityGlobals) = postSolution
		SolutionGuid = {8D3F73A2-B77C-46EF-85F7-0C6D5E5243B8}
	EndGlobalSection
EndGlobal
